{
  "requires": true,
  "lockfileVersion": 1,
  "dependencies": {
    "dhtmlx-gantt": {
      "version": "7.1.4",
      "resolved": "https://registry.npmjs.org/dhtmlx-gantt/-/dhtmlx-gantt-7.1.4.tgz",
      "integrity": "sha512-fmtbuPQm6JnjKuBw+MTVYo+XDTTbRvaDiKLW5AKnDuivqbTd/xdZUMmw6rpnSve22hAABb7ZXvYdlwQnItATtg=="
    }
  }
}
